
Microsoft Visual Studio Solution File, Format Version 12.00
Project("{FAE04EC0-301F-11D3-BF4B-00C04F79EFBC}") = "Tp2Application", "Tp2Application\Tp2Application.csproj", "{FEF453A2-E392-492F-BAE3-A52F6C7B1DA9}"
EndProject
Global
	GlobalSection(SolutionConfigurationPlatforms) = preSolution
		Debug|Any CPU = Debug|Any CPU
		Release|Any CPU = Release|Any CPU
	EndGlobalSection
	GlobalSection(ProjectConfigurationPlatforms) = postSolution
		{FEF453A2-E392-492F-BAE3-A52F6C7B1DA9}.Debug|Any CPU.ActiveCfg = Debug|Any CPU
		{FEF453A2-E392-492F-BAE3-A52F6C7B1DA9}.Debug|Any CPU.Build.0 = Debug|Any CPU
		{FEF453A2-E392-492F-BAE3-A52F6C7B1DA9}.Release|Any CPU.ActiveCfg = Release|Any CPU
		{FEF453A2-E392-492F-BAE3-A52F6C7B1DA9}.Release|Any CPU.Build.0 = Release|Any CPU
	EndGlobalSection
EndGlobal
